
Microsoft Visual Studio Solution File, Format Version 12.00
# Visual Studio Version 17
VisualStudioVersion = 17.0.31903.59
MinimumVisualStudioVersion = 10.0.40219.1
Project("{2150E333-8FDC-42A3-9474-1A3956D46DE8}") = "ARCYN", "ARCYN", "{ED2286C6-FCE0-4773-9B56-1089C096487A}"
EndProject
Project("{FAE04EC0-301F-11D3-BF4B-00C04F79EFBC}") = "ARCYN.Core", "ARCYN\ARCYN.Core\ARCYN.Core.csproj", "{EAAA4978-8309-4723-846B-233DAF2D6A89}"
EndProject
Project("{FAE04EC0-301F-11D3-BF4B-00C04F79EFBC}") = "ARCYN.Platform", "ARCYN\ARCYN.Platform\ARCYN.Platform.csproj", "{73EF362B-C604-4186-9CB2-61E6EB244201}"
EndProject
Global
	GlobalSection(SolutionConfigurationPlatforms) = preSolution
		Debug|Any CPU = Debug|Any CPU
		Release|Any CPU = Release|Any CPU
	EndGlobalSection
	GlobalSection(SolutionProperties) = preSolution
		HideSolutionNode = FALSE
	EndGlobalSection
	GlobalSection(ProjectConfigurationPlatforms) = postSolution
		{EAAA4978-8309-4723-846B-233DAF2D6A89}.Debug|Any CPU.ActiveCfg = Debug|Any CPU
		{EAAA4978-8309-4723-846B-233DAF2D6A89}.Debug|Any CPU.Build.0 = Debug|Any CPU
		{EAAA4978-8309-4723-846B-233DAF2D6A89}.Release|Any CPU.ActiveCfg = Release|Any CPU
		{EAAA4978-8309-4723-846B-233DAF2D6A89}.Release|Any CPU.Build.0 = Release|Any CPU
		{73EF362B-C604-4186-9CB2-61E6EB244201}.Debug|Any CPU.ActiveCfg = Debug|Any CPU
		{73EF362B-C604-4186-9CB2-61E6EB244201}.Debug|Any CPU.Build.0 = Debug|Any CPU
		{73EF362B-C604-4186-9CB2-61E6EB244201}.Release|Any CPU.ActiveCfg = Release|Any CPU
		{73EF362B-C604-4186-9CB2-61E6EB244201}.Release|Any CPU.Build.0 = Release|Any CPU
	EndGlobalSection
	GlobalSection(NestedProjects) = preSolution
		{EAAA4978-8309-4723-846B-233DAF2D6A89} = {ED2286C6-FCE0-4773-9B56-1089C096487A}
		{73EF362B-C604-4186-9CB2-61E6EB244201} = {ED2286C6-FCE0-4773-9B56-1089C096487A}
	EndGlobalSection
EndGlobal
